
Microsoft Visual Studio Solution File, Format Version 12.00
# Visual Studio 15
VisualStudioVersion = 15.0.27428.2043
MinimumVisualStudioVersion = 10.0.40219.1
Project("{FAE04EC0-301F-11D3-BF4B-00C04F79EFBC}") = "UnitTest_Practices_MVC", "UnitTest_Practices_MVC\UnitTest_Practices_MVC.csproj", "{529C9D30-D2CC-428E-9231-99A486A10A38}"
EndProject
Project("{FAE04EC0-301F-11D3-BF4B-00C04F79EFBC}") = "UnitTest_Practices_MVC.Tests", "UnitTest_Practices_MVC.Tests\UnitTest_Practices_MVC.Tests.csproj", "{96D80149-2E13-4462-BC9F-34FC873D22CF}"
EndProject
Global
	GlobalSection(SolutionConfigurationPlatforms) = preSolution
		Debug|Any CPU = Debug|Any CPU
		Release|Any CPU = Release|Any CPU
	EndGlobalSection
	GlobalSection(ProjectConfigurationPlatforms) = postSolution
		{529C9D30-D2CC-428E-9231-99A486A10A38}.Debug|Any CPU.ActiveCfg = Debug|Any CPU
		{529C9D30-D2CC-428E-9231-99A486A10A38}.Debug|Any CPU.Build.0 = Debug|Any CPU
		{529C9D30-D2CC-428E-9231-99A486A10A38}.Release|Any CPU.ActiveCfg = Release|Any CPU
		{529C9D30-D2CC-428E-9231-99A486A10A38}.Release|Any CPU.Build.0 = Release|Any CPU
		{96D80149-2E13-4462-BC9F-34FC873D22CF}.Debug|Any CPU.ActiveCfg = Debug|Any CPU
		{96D80149-2E13-4462-BC9F-34FC873D22CF}.Debug|Any CPU.Build.0 = Debug|Any CPU
		{96D80149-2E13-4462-BC9F-34FC873D22CF}.Release|Any CPU.ActiveCfg = Release|Any CPU
		{96D80149-2E13-4462-BC9F-34FC873D22CF}.Release|Any CPU.Build.0 = Release|Any CPU
	EndGlobalSection
	GlobalSection(SolutionProperties) = preSolution
		HideSolutionNode = FALSE
	EndGlobalSection
	GlobalSection(ExtensibilityGlobals) = postSolution
		SolutionGuid = {2E8D6AA3-170B-40EB-A97D-2434A1D9AD3C}
	EndGlobalSection
EndGlobal
